{
    "_meta": {
        "hash": {
            "sha256": "d011c31e27f342df6198dd407681f9541186735e7a1020e330ebef387257cf4e"
        },
        "pipfile-spec": 6,
        "requires": {
            "python_version": "3.11"
        },
        "sources": [
            {
                "name": "pypi",
                "url": "https://pypi.org/simple",
                "verify_ssl": true
            }
        ]
    },
    "default": {},
    "develop": {}
}
